// !$*UTF8*$!
{
	archiveVersion = 1;
	classes = {
	};
	objectVersion = 51;
	objects = {

/* Begin PBXBuildFile section */
		AC691FB3C987014E4A07F2F2 /* Pods_FireBaseAssignment.framework in Frameworks */ = {isa = PBXBuildFile; fileRef = DFF70F0C6E3175D2D81711B6 /* Pods_FireBaseAssignment.framework */; };
		F34379EA2323F71500312E14 /* AppDelegate.swift in Sources */ = {isa = PBXBuildFile; fileRef = F34379E92323F71500312E14 /* AppDelegate.swift */; };
		F34379EC2323F71500312E14 /* SignInViewController.swift in Sources */ = {isa = PBXBuildFile; fileRef = F34379EB2323F71500312E14 /* SignInViewController.swift */; };
		F34379EF2323F71500312E14 /* Main.storyboard in Resources */ = {isa = PBXBuildFile; fileRef = F34379ED2323F71500312E14 /* Main.storyboard */; };
		F34379F12323F72500312E14 /* Assets.xcassets in Resources */ = {isa = PBXBuildFile; fileRef = F34379F02323F72500312E14 /* Assets.xcassets */; };
		F34379F42323F72500312E14 /* LaunchScreen.storyboard in Resources */ = {isa = PBXBuildFile; fileRef = F34379F22323F72500312E14 /* LaunchScreen.storyboard */; };
		F3E793FF2324A44100401585 /* GoogleService-Info.plist in Resources */ = {isa = PBXBuildFile; fileRef = F3E793FE2324A44000401585 /* GoogleService-Info.plist */; };
		F3E794022325EFE000401585 /* FireBase.swift in Sources */ = {isa = PBXBuildFile; fileRef = F3E794012325EFE000401585 /* FireBase.swift */; };
		F3E794042325F13100401585 /* Structs.swift in Sources */ = {isa = PBXBuildFile; fileRef = F3E794032325F13100401585 /* Structs.swift */; };
/* End PBXBuildFile section */

/* Begin PBXFileReference section */
		422BBFA11BAD6AF5A8A01FD3 /* Pods-FireBaseAssignment.debug.xcconfig */ = {isa = PBXFileReference; includeInIndex = 1; lastKnownFileType = text.xcconfig; name = "Pods-FireBaseAssignment.debug.xcconfig"; path = "Target Support Files/Pods-FireBaseAssignment/Pods-FireBaseAssignment.debug.xcconfig"; sourceTree = "<group>"; };
		DFF70F0C6E3175D2D81711B6 /* Pods_FireBaseAssignment.framework */ = {isa = PBXFileReference; explicitFileType = wrapper.framework; includeInIndex = 0; path = Pods_FireBaseAssignment.framework; sourceTree = BUILT_PRODUCTS_DIR; };
		F34379E62323F71400312E14 /* FireBaseAssignment.app */ = {isa = PBXFileReference; explicitFileType = wrapper.application; includeInIndex = 0; path = FireBaseAssignment.app; sourceTree = BUILT_PRODUCTS_DIR; };
		F34379E92323F71500312E14 /* AppDelegate.swift */ = {isa = PBXFileReference; lastKnownFileType = sourcecode.swift; path = AppDelegate.swift; sourceTree = "<group>"; };
		F34379EB2323F71500312E14 /* SignInViewController.swift */ = {isa = PBXFileReference; lastKnownFileType = sourcecode.swift; path = SignInViewController.swift; sourceTree = "<group>"; };
		F34379EE2323F71500312E14 /* Base */ = {isa = PBXFileReference; lastKnownFileType = file.storyboard; name = Base; path = Base.lproj/Main.storyboard; sourceTree = "<group>"; };
		F34379F02323F72500312E14 /* Assets.xcassets */ = {isa = PBXFileReference; lastKnownFileType = folder.assetcatalog; path = Assets.xcassets; sourceTree = "<group>"; };
		F34379F32323F72500312E14 /* Base */ = {isa = PBXFileReference; lastKnownFileType = file.storyboard; name = Base; path = Base.lproj/LaunchScreen.storyboard; sourceTree = "<group>"; };
		F34379F52323F72500312E14 /* Info.plist */ = {isa = PBXFileReference; lastKnownFileType = text.plist.xml; path = Info.plist; sourceTree = "<group>"; };
		F3E793FE2324A44000401585 /* GoogleService-Info.plist */ = {isa = PBXFileReference; fileEncoding = 4; lastKnownFileType = text.plist.xml; path = "GoogleService-Info.plist"; sourceTree = "<group>"; };
		F3E794012325EFE000401585 /* FireBase.swift */ = {isa = PBXFileReference; lastKnownFileType = sourcecode.swift; path = FireBase.swift; sourceTree = "<group>"; };
		F3E794032325F13100401585 /* Structs.swift */ = {isa = PBXFileReference; lastKnownFileType = sourcecode.swift; path = Structs.swift; sourceTree = "<group>"; };
		FF7552A4A153356D03B28DC4 /* Pods-FireBaseAssignment.release.xcconfig */ = {isa = PBXFileReference; includeInIndex = 1; lastKnownFileType = text.xcconfig; name = "Pods-FireBaseAssignment.release.xcconfig"; path = "Target Support Files/Pods-FireBaseAssignment/Pods-FireBaseAssignment.release.xcconfig"; sourceTree = "<group>"; };
/* End PBXFileReference section */

/* Begin PBXFrameworksBuildPhase section */
		F34379E32323F71400312E14 /* Frameworks */ = {
			isa = PBXFrameworksBuildPhase;
			buildActionMask = 2147483647;
			files = (
				AC691FB3C987014E4A07F2F2 /* Pods_FireBaseAssignment.framework in Frameworks */,
			);
			runOnlyForDeploymentPostprocessing = 0;
		};
/* End PBXFrameworksBuildPhase section */

/* Begin PBXGroup section */
		747EBE535521CF73F6FC0A09 /* Pods */ = {
			isa = PBXGroup;
			children = (
				422BBFA11BAD6AF5A8A01FD3 /* Pods-FireBaseAssignment.debug.xcconfig */,
				FF7552A4A153356D03B28DC4 /* Pods-FireBaseAssignment.release.xcconfig */,
			);
			path = Pods;
			sourceTree = "<group>";
		};
		F34379DD2323F71400312E14 = {
			isa = PBXGroup;
			children = (
				F34379E82323F71400312E14 /* FireBaseAssignment */,
				F34379E72323F71400312E14 /* Products */,
				747EBE535521CF73F6FC0A09 /* Pods */,
				F4FFD9EE7C8BB101F42D29CF /* Frameworks */,
			);
			sourceTree = "<group>";
		};
		F34379E72323F71400312E14 /* Products */ = {
			isa = PBXGroup;
			children = (
				F34379E62323F71400312E14 /* FireBaseAssignment.app */,
			);
			name = Products;
			sourceTree = "<group>";
		};
		F34379E82323F71400312E14 /* FireBaseAssignment */ = {
			isa = PBXGroup;
			children = (
				F3E794002325EFCC00401585 /* SupportingFiles */,
				F34379E92323F71500312E14 /* AppDelegate.swift */,
				F34379EB2323F71500312E14 /* SignInViewController.swift */,
				F34379ED2323F71500312E14 /* Main.storyboard */,
				F34379F02323F72500312E14 /* Assets.xcassets */,
				F34379F22323F72500312E14 /* LaunchScreen.storyboard */,
				F34379F52323F72500312E14 /* Info.plist */,
				F3E793FE2324A44000401585 /* GoogleService-Info.plist */,
			);
			path = FireBaseAssignment;
			sourceTree = "<group>";
		};
		F3E794002325EFCC00401585 /* SupportingFiles */ = {
			isa = PBXGroup;
			children = (
				F3E794012325EFE000401585 /* FireBase.swift */,
				F3E794032325F13100401585 /* Structs.swift */,
			);
			path = SupportingFiles;
			sourceTree = "<group>";
		};
		F4FFD9EE7C8BB101F42D29CF /* Frameworks */ = {
			isa = PBXGroup;
			children = (
				DFF70F0C6E3175D2D81711B6 /* Pods_FireBaseAssignment.framework */,
			);
			name = Frameworks;
			sourceTree = "<group>";
		};
/* End PBXGroup section */

/* Begin PBXNativeTarget section */
		F34379E52323F71400312E14 /* FireBaseAssignment */ = {
			isa = PBXNativeTarget;
			buildConfigurationList = F34379F82323F72500312E14 /* Build configuration list for PBXNativeTarget "FireBaseAssignment" */;
			buildPhases = (
				23AD47148802070A4FE26ADC /* [CP] Check Pods Manifest.lock */,
				F34379E22323F71400312E14 /* Sources */,
				F34379E32323F71400312E14 /* Frameworks */,
				F34379E42323F71400312E14 /* Resources */,
				314A6A2B03BB96F66A7BC2F0 /* [CP] Embed Pods Frameworks */,
			);
			buildRules = (
			);
			dependencies = (
			);
			name = FireBaseAssignment;
			productName = FireBaseAssignment;
			productReference = F34379E62323F71400312E14 /* FireBaseAssignment.app */;
			productType = "com.apple.product-type.application";
		};
/* End PBXNativeTarget section */

/* Begin PBXProject section */
		F34379DE2323F71400312E14 /* Project object */ = {
			isa = PBXProject;
			attributes = {
				LastSwiftUpdateCheck = 1020;
				LastUpgradeCheck = 1020;
				ORGANIZATIONNAME = "najmeh nasiriyani";
				TargetAttributes = {
					F34379E52323F71400312E14 = {
						CreatedOnToolsVersion = 10.2.1;
					};
				};
			};
			buildConfigurationList = F34379E12323F71400312E14 /* Build configuration list for PBXProject "FireBaseAssignment" */;
			compatibilityVersion = "Xcode 9.3";
			developmentRegion = en;
			hasScannedForEncodings = 0;
			knownRegions = (
				en,
				Base,
			);
			mainGroup = F34379DD2323F71400312E14;
			productRefGroup = F34379E72323F71400312E14 /* Products */;
			projectDirPath = "";
			projectRoot = "";
			targets = (
				F34379E52323F71400312E14 /* FireBaseAssignment */,
			);
		};
/* End PBXProject section */

/* Begin PBXResourcesBuildPhase section */
		F34379E42323F71400312E14 /* Resources */ = {
			isa = PBXResourcesBuildPhase;
			buildActionMask = 2147483647;
			files = (
				F34379F42323F72500312E14 /* LaunchScreen.storyboard in Resources */,
				F34379F12323F72500312E14 /* Assets.xcassets in Resources */,
				F3E793FF2324A44100401585 /* GoogleService-Info.plist in Resources */,
				F34379EF2323F71500312E14 /* Main.storyboard in Resources */,
			);
			runOnlyForDeploymentPostprocessing = 0;
		};
/* End PBXResourcesBuildPhase section */

/* Begin PBXShellScriptBuildPhase section */
		23AD47148802070A4FE26ADC /* [CP] Check Pods Manifest.lock */ = {
			isa = PBXShellScriptBuildPhase;
			buildActionMask = 2147483647;
			files = (
			);
			inputFileListPaths = (
			);
			inputPaths = (
				"${PODS_PODFILE_DIR_PATH}/Podfile.lock",
				"${PODS_ROOT}/Manifest.lock",
			);
			name = "[CP] Check Pods Manifest.lock";
			outputFileListPaths = (
			);
			outputPaths = (
				"$(DERIVED_FILE_DIR)/Pods-FireBaseAssignment-checkManifestLockResult.txt",
			);
			runOnlyForDeploymentPostprocessing = 0;
			shellPath = /bin/sh;
			shellScript = "diff \"${PODS_PODFILE_DIR_PATH}/Podfile.lock\" \"${PODS_ROOT}/Manifest.lock\" > /dev/null\nif [ $? != 0 ] ; then\n    # print error to STDERR\n    echo \"error: The sandbox is not in sync with the Podfile.lock. Run 'pod install' or update your CocoaPods installation.\" >&2\n    exit 1\nfi\n# This output is used by Xcode 'outputs' to avoid re-running this script phase.\necho \"SUCCESS\" > \"${SCRIPT_OUTPUT_FILE_0}\"\n";
			showEnvVarsInLog = 0;
		};
		314A6A2B03BB96F66A7BC2F0 /* [CP] Embed Pods Frameworks */ = {
			isa = PBXShellScriptBuildPhase;
			buildActionMask = 2147483647;
			files = (
			);
			inputFileListPaths = (
				"${PODS_ROOT}/Target Support Files/Pods-FireBaseAssignment/Pods-FireBaseAssignment-frameworks-${CONFIGURATION}-input-files.xcfilelist",
			);
			name = "[CP] Embed Pods Frameworks";
			outputFileListPaths = (
				"${PODS_ROOT}/Target Support Files/Pods-FireBaseAssignment/Pods-FireBaseAssignment-frameworks-${CONFIGURATION}-output-files.xcfilelist",
			);
			runOnlyForDeploymentPostprocessing = 0;
			shellPath = /bin/sh;
			shellScript = "\"${PODS_ROOT}/Target Support Files/Pods-FireBaseAssignment/Pods-FireBaseAssignment-frameworks.sh\"\n";
			showEnvVarsInLog = 0;
		};
/* End PBXShellScriptBuildPhase section */

/* Begin PBXSourcesBuildPhase section */
		F34379E22323F71400312E14 /* Sources */ = {
			isa = PBXSourcesBuildPhase;
			buildActionMask = 2147483647;
			files = (
				F3E794042325F13100401585 /* Structs.swift in Sources */,
				F34379EC2323F71500312E14 /* SignInViewController.swift in Sources */,
				F3E794022325EFE000401585 /* FireBase.swift in Sources */,
				F34379EA2323F71500312E14 /* AppDelegate.swift in Sources */,
			);
			runOnlyForDeploymentPostprocessing = 0;
		};
/* End PBXSourcesBuildPhase section */

/* Begin PBXVariantGroup section */
		F34379ED2323F71500312E14 /* Main.storyboard */ = {
			isa = PBXVariantGroup;
			children = (
				F34379EE2323F71500312E14 /* Base */,
			);
			name = Main.storyboard;
			sourceTree = "<group>";
		};
		F34379F22323F72500312E14 /* LaunchScreen.storyboard */ = {
			isa = PBXVariantGroup;
			children = (
				F34379F32323F72500312E14 /* Base */,
			);
			name = LaunchScreen.storyboard;
			sourceTree = "<group>";
		};
/* End PBXVariantGroup section */

/* Begin XCBuildConfiguration section */
		F34379F62323F72500312E14 /* Debug */ = {
			isa = XCBuildConfiguration;
			buildSettings = {
				ALWAYS_SEARCH_USER_PATHS = NO;
				CLANG_ANALYZER_NONNULL = YES;
				CLANG_ANALYZER_NUMBER_OBJECT_CONVERSION = YES_AGGRESSIVE;
				CLANG_CXX_LANGUAGE_STANDARD = "gnu++14";
				CLANG_CXX_LIBRARY = "libc++";
				CLANG_ENABLE_MODULES = YES;
				CLANG_ENABLE_OBJC_ARC = YES;
				CLANG_ENABLE_OBJC_WEAK = YES;
				CLANG_WARN_BLOCK_CAPTURE_AUTORELEASING = YES;
				CLANG_WARN_BOOL_CONVERSION = YES;
				CLANG_WARN_COMMA = YES;
				CLANG_WARN_CONSTANT_CONVERSION = YES;
				CLANG_WARN_DEPRECATED_OBJC_IMPLEMENTATIONS = YES;
				CLANG_WARN_DIRECT_OBJC_ISA_USAGE = YES_ERROR;
				CLANG_WARN_DOCUMENTATION_COMMENTS = YES;
				CLANG_WARN_EMPTY_BODY = YES;
				CLANG_WARN_ENUM_CONVERSION = YES;
				CLANG_WARN_INFINITE_RECURSION = YES;
				CLANG_WARN_INT_CONVERSION = YES;
				CLANG_WARN_NON_LITERAL_NULL_CONVERSION = YES;
				CLANG_WARN_OBJC_IMPLICIT_RETAIN_SELF = YES;
				CLANG_WARN_OBJC_LITERAL_CONVERSION = YES;
				CLANG_WARN_OBJC_ROOT_CLASS = YES_ERROR;
				CLANG_WARN_RANGE_LOOP_ANALYSIS = YES;
				CLANG_WARN_STRICT_PROTOTYPES = YES;
				CLANG_WARN_SUSPICIOUS_MOVE = YES;
				CLANG_WARN_UNGUARDED_AVAILABILITY = YES_AGGRESSIVE;
				CLANG_WARN_UNREACHABLE_CODE = YES;
				CLANG_WARN__DUPLICATE_METHOD_MATCH = YES;
				CODE_SIGN_IDENTITY = "iPhone Developer";
				COPY_PHASE_STRIP = NO;
				DEBUG_INFORMATION_FORMAT = dwarf;
				ENABLE_STRICT_OBJC_MSGSEND = YES;
				ENABLE_TESTABILITY = YES;
				GCC_C_LANGUAGE_STANDARD = gnu11;
				GCC_DYNAMIC_NO_PIC = NO;
				GCC_NO_COMMON_BLOCKS = YES;
				GCC_OPTIMIZATION_LEVEL = 0;
				GCC_PREPROCESSOR_DEFINITIONS = (
					"DEBUG=1",
					"$(inherited)",
				);
				GCC_WARN_64_TO_32_BIT_CONVERSION = YES;
				GCC_WARN_ABOUT_RETURN_TYPE = YES_ERROR;
				GCC_WARN_UNDECLARED_SELECTOR = YES;
				GCC_WARN_UNINITIALIZED_AUTOS = YES_AGGRESSIVE;
				GCC_WARN_UNUSED_FUNCTION = YES;
				GCC_WARN_UNUSED_VARIABLE = YES;
				IPHONEOS_DEPLOYMENT_TARGET = 12.2;
				MTL_ENABLE_DEBUG_INFO = INCLUDE_SOURCE;
				MTL_FAST_MATH = YES;
				ONLY_ACTIVE_ARCH = YES;
				SDKROOT = iphoneos;
				SWIFT_ACTIVE_COMPILATION_CONDITIONS = DEBUG;
				SWIFT_OPTIMIZATION_LEVEL = "-Onone";
			};
			name = Debug;
		};
		F34379F72323F72500312E14 /* Release */ = {
			isa = XCBuildConfiguration;
			buildSettings = {
				ALWAYS_SEARCH_USER_PATHS = NO;
				CLANG_ANALYZER_NONNULL = YES;
				CLANG_ANALYZER_NUMBER_OBJECT_CONVERSION = YES_AGGRESSIVE;
				CLANG_CXX_LANGUAGE_STANDARD = "gnu++14";
				CLANG_CXX_LIBRARY = "libc++";
				CLANG_ENABLE_MODULES = YES;
				CLANG_ENABLE_OBJC_ARC = YES;
				CLANG_ENABLE_OBJC_WEAK = YES;
				CLANG_WARN_BLOCK_CAPTURE_AUTORELEASING = YES;
				CLANG_WARN_BOOL_CONVERSION = YES;
				CLANG_WARN_COMMA = YES;
				CLANG_WARN_CONSTANT_CONVERSION = YES;
				CLANG_WARN_DEPRECATED_OBJC_IMPLEMENTATIONS = YES;
				CLANG_WARN_DIRECT_OBJC_ISA_USAGE = YES_ERROR;
				CLANG_WARN_DOCUMENTATION_COMMENTS = YES;
				CLANG_WARN_EMPTY_BODY = YES;
				CLANG_WARN_ENUM_CONVERSION = YES;
				CLANG_WARN_INFINITE_RECURSION = YES;
				CLANG_WARN_INT_CONVERSION = YES;
				CLANG_WARN_NON_LITERAL_NULL_CONVERSION = YES;
				CLANG_WARN_OBJC_IMPLICIT_RETAIN_SELF = YES;
				CLANG_WARN_OBJC_LITERAL_CONVERSION = YES;
				CLANG_WARN_OBJC_ROOT_CLASS = YES_ERROR;
				CLANG_WARN_RANGE_LOOP_ANALYSIS = YES;
				CLANG_WARN_STRICT_PROTOTYPES = YES;
				CLANG_WARN_SUSPICIOUS_MOVE = YES;
				CLANG_WARN_UNGUARDED_AVAILABILITY = YES_AGGRESSIVE;
				CLANG_WARN_UNREACHABLE_CODE = YES;
				CLANG_WARN__DUPLICATE_METHOD_MATCH = YES;
				CODE_SIGN_IDENTITY = "iPhone Developer";
				COPY_PHASE_STRIP = NO;
				DEBUG_INFORMATION_FORMAT = "dwarf-with-dsym";
				ENABLE_NS_ASSERTIONS = NO;
				ENABLE_STRICT_OBJC_MSGSEND = YES;
				GCC_C_LANGUAGE_STANDARD = gnu11;
				GCC_NO_COMMON_BLOCKS = YES;
				GCC_WARN_64_TO_32_BIT_CONVERSION = YES;
				GCC_WARN_ABOUT_RETURN_TYPE = YES_ERROR;
				GCC_WARN_UNDECLARED_SELECTOR = YES;
				GCC_WARN_UNINITIALIZED_AUTOS = YES_AGGRESSIVE;
				GCC_WARN_UNUSED_FUNCTION = YES;
				GCC_WARN_UNUSED_VARIABLE = YES;
				IPHONEOS_DEPLOYMENT_TARGET = 12.2;
				MTL_ENABLE_DEBUG_INFO = NO;
				MTL_FAST_MATH = YES;
				SDKROOT = iphoneos;
				SWIFT_COMPILATION_MODE = wholemodule;
				SWIFT_OPTIMIZATION_LEVEL = "-O";
				VALIDATE_PRODUCT = YES;
			};
			name = Release;
		};
		F34379F92323F72500312E14 /* Debug */ = {
			isa = XCBuildConfiguration;
			baseConfigurationReference = 422BBFA11BAD6AF5A8A01FD3 /* Pods-FireBaseAssignment.debug.xcconfig */;
			buildSettings = {
				ASSETCATALOG_COMPILER_APPICON_NAME = AppIcon;
				CODE_SIGN_STYLE = Automatic;
				DEVELOPMENT_TEAM = P3UD86H4P5;
				INFOPLIST_FILE = FireBaseAssignment/Info.plist;
				IPHONEOS_DEPLOYMENT_TARGET = 11.0;
				LD_RUNPATH_SEARCH_PATHS = (
					"$(inherited)",
					"@executable_path/Frameworks",
				);
				PRODUCT_BUNDLE_IDENTIFIER = najmehnasiriyani.FireBaseAssignment;
				PRODUCT_NAME = "$(TARGET_NAME)";
				SWIFT_VERSION = 5.0;
				TARGETED_DEVICE_FAMILY = "1,2";
			};
			name = Debug;
		};
		F34379FA2323F72500312E14 /* Release */ = {
			isa = XCBuildConfiguration;
			baseConfigurationReference = FF7552A4A153356D03B28DC4 /* Pods-FireBaseAssignment.release.xcconfig */;
			buildSettings = {
				ASSETCATALOG_COMPILER_APPICON_NAME = AppIcon;
				CODE_SIGN_STYLE = Automatic;
				DEVELOPMENT_TEAM = P3UD86H4P5;
				INFOPLIST_FILE = FireBaseAssignment/Info.plist;
				IPHONEOS_DEPLOYMENT_TARGET = 11.0;
				LD_RUNPATH_SEARCH_PATHS = (
					"$(inherited)",
					"@executable_path/Frameworks",
				);
				PRODUCT_BUNDLE_IDENTIFIER = najmehnasiriyani.FireBaseAssignment;
				PRODUCT_NAME = "$(TARGET_NAME)";
				SWIFT_VERSION = 5.0;
				TARGETED_DEVICE_FAMILY = "1,2";
			};
			name = Release;
		};
/* End XCBuildConfiguration section */

/* Begin XCConfigurationList section */
		F34379E12323F71400312E14 /* Build configuration list for PBXProject "FireBaseAssignment" */ = {
			isa = XCConfigurationList;
			buildConfigurations = (
				F34379F62323F72500312E14 /* Debug */,
				F34379F72323F72500312E14 /* Release */,
			);
			defaultConfigurationIsVisible = 0;
			defaultConfigurationName = Release;
		};
		F34379F82323F72500312E14 /* Build configuration list for PBXNativeTarget "FireBaseAssignment" */ = {
			isa = XCConfigurationList;
			buildConfigurations = (
				F34379F92323F72500312E14 /* Debug */,
				F34379FA2323F72500312E14 /* Release */,
			);
			defaultConfigurationIsVisible = 0;
			defaultConfigurationName = Release;
		};
/* End XCConfigurationList section */
	};
	rootObject = F34379DE2323F71400312E14 /* Project object */;
}
